
Microsoft Visual Studio Solution File, Format Version 12.00
# Visual Studio Version 17
VisualStudioVersion = 17.0.31903.59
MinimumVisualStudioVersion = 10.0.40219.1
Project("{FAE04EC0-301F-11D3-BF4B-00C04F79EFBC}") = "Armada.Core", "Armada.Core\Armada.Core.csproj", "{D857D775-B580-4C2C-9EAB-DB54ECFC8F03}"
EndProject
Project("{FAE04EC0-301F-11D3-BF4B-00C04F79EFBC}") = "Armada.Runtimes", "Armada.Runtimes\Armada.Runtimes.csproj", "{E0FE48CB-825D-419F-9D3E-9B64382F6838}"
EndProject
Project("{FAE04EC0-301F-11D3-BF4B-00C04F79EFBC}") = "Armada.Server", "Armada.Server\Armada.Server.csproj", "{1D118B8B-EFAD-4923-AA26-AB998A02F8F0}"
EndProject
Project("{FAE04EC0-301F-11D3-BF4B-00C04F79EFBC}") = "Armada.Proxy", "Armada.Proxy\Armada.Proxy.csproj", "{B1A47690-AED9-4F4E-8B31-8A4A1D5A3D45}"
EndProject
Project("{FAE04EC0-301F-11D3-BF4B-00C04F79EFBC}") = "Armada.Helm", "Armada.Helm\Armada.Helm.csproj", "{81A514DE-5C3A-4921-AB8A-158BC9255CF7}"
EndProject
Project("{FAE04EC0-301F-11D3-BF4B-00C04F79EFBC}") = "Test.Shared", "Test.Shared\Test.Shared.csproj", "{217B9DF6-2E82-480B-B31E-F23F1DAE52CA}"
EndProject
Project("{FAE04EC0-301F-11D3-BF4B-00C04F79EFBC}") = "Test.Xunit", "Test.Xunit\Test.Xunit.csproj", "{4CC6ECDA-194E-4457-93D1-39366254646A}"
EndProject
Project("{FAE04EC0-301F-11D3-BF4B-00C04F79EFBC}") = "Test.Nunit", "Test.Nunit\Test.Nunit.csproj", "{57366F67-6DC2-4218-81D0-753AA5D1E61B}"
EndProject
Project("{FAE04EC0-301F-11D3-BF4B-00C04F79EFBC}") = "Test.Automated", "Test.Automated\Test.Automated.csproj", "{546E0BEB-25B3-478F-9BF8-FBF9504036B3}"
EndProject
Project("{FAE04EC0-301F-11D3-BF4B-00C04F79EFBC}") = "Armada.Harbor", "Armada.Harbor\Armada.Harbor.csproj", "{5825AACF-23CD-4CE0-980A-74CAF3556B1A}"
EndProject
Global
	GlobalSection(SolutionConfigurationPlatforms) = preSolution
		Debug|Any CPU = Debug|Any CPU
		Debug|x64 = Debug|x64
		Debug|x86 = Debug|x86
		Release|Any CPU = Release|Any CPU
		Release|x64 = Release|x64
		Release|x86 = Release|x86
	EndGlobalSection
	GlobalSection(ProjectConfigurationPlatforms) = postSolution
		{D857D775-B580-4C2C-9EAB-DB54ECFC8F03}.Debug|Any CPU.ActiveCfg = Debug|Any CPU
		{D857D775-B580-4C2C-9EAB-DB54ECFC8F03}.Debug|Any CPU.Build.0 = Debug|Any CPU
		{D857D775-B580-4C2C-9EAB-DB54ECFC8F03}.Debug|x64.ActiveCfg = Debug|Any CPU
		{D857D775-B580-4C2C-9EAB-DB54ECFC8F03}.Debug|x64.Build.0 = Debug|Any CPU
		{D857D775-B580-4C2C-9EAB-DB54ECFC8F03}.Debug|x86.ActiveCfg = Debug|Any CPU
		{D857D775-B580-4C2C-9EAB-DB54ECFC8F03}.Debug|x86.Build.0 = Debug|Any CPU
		{D857D775-B580-4C2C-9EAB-DB54ECFC8F03}.Release|Any CPU.ActiveCfg = Release|Any CPU
		{D857D775-B580-4C2C-9EAB-DB54ECFC8F03}.Release|Any CPU.Build.0 = Release|Any CPU
		{D857D775-B580-4C2C-9EAB-DB54ECFC8F03}.Release|x64.ActiveCfg = Release|Any CPU
		{D857D775-B580-4C2C-9EAB-DB54ECFC8F03}.Release|x64.Build.0 = Release|Any CPU
		{D857D775-B580-4C2C-9EAB-DB54ECFC8F03}.Release|x86.ActiveCfg = Release|Any CPU
		{D857D775-B580-4C2C-9EAB-DB54ECFC8F03}.Release|x86.Build.0 = Release|Any CPU
		{E0FE48CB-825D-419F-9D3E-9B64382F6838}.Debug|Any CPU.ActiveCfg = Debug|Any CPU
		{E0FE48CB-825D-419F-9D3E-9B64382F6838}.Debug|Any CPU.Build.0 = Debug|Any CPU
		{E0FE48CB-825D-419F-9D3E-9B64382F6838}.Debug|x64.ActiveCfg = Debug|Any CPU
		{E0FE48CB-825D-419F-9D3E-9B64382F6838}.Debug|x64.Build.0 = Debug|Any CPU
		{E0FE48CB-825D-419F-9D3E-9B64382F6838}.Debug|x86.ActiveCfg = Debug|Any CPU
		{E0FE48CB-825D-419F-9D3E-9B64382F6838}.Debug|x86.Build.0 = Debug|Any CPU
		{E0FE48CB-825D-419F-9D3E-9B64382F6838}.Release|Any CPU.ActiveCfg = Release|Any CPU
		{E0FE48CB-825D-419F-9D3E-9B64382F6838}.Release|Any CPU.Build.0 = Release|Any CPU
		{E0FE48CB-825D-419F-9D3E-9B64382F6838}.Release|x64.ActiveCfg = Release|Any CPU
		{E0FE48CB-825D-419F-9D3E-9B64382F6838}.Release|x64.Build.0 = Release|Any CPU
		{E0FE48CB-825D-419F-9D3E-9B64382F6838}.Release|x86.ActiveCfg = Release|Any CPU
		{E0FE48CB-825D-419F-9D3E-9B64382F6838}.Release|x86.Build.0 = Release|Any CPU
		{1D118B8B-EFAD-4923-AA26-AB998A02F8F0}.Debug|Any CPU.ActiveCfg = Debug|Any CPU
		{1D118B8B-EFAD-4923-AA26-AB998A02F8F0}.Debug|Any CPU.Build.0 = Debug|Any CPU
		{1D118B8B-EFAD-4923-AA26-AB998A02F8F0}.Debug|x64.ActiveCfg = Debug|Any CPU
		{1D118B8B-EFAD-4923-AA26-AB998A02F8F0}.Debug|x64.Build.0 = Debug|Any CPU
		{1D118B8B-EFAD-4923-AA26-AB998A02F8F0}.Debug|x86.ActiveCfg = Debug|Any CPU
		{1D118B8B-EFAD-4923-AA26-AB998A02F8F0}.Debug|x86.Build.0 = Debug|Any CPU
		{1D118B8B-EFAD-4923-AA26-AB998A02F8F0}.Release|Any CPU.ActiveCfg = Release|Any CPU
		{1D118B8B-EFAD-4923-AA26-AB998A02F8F0}.Release|Any CPU.Build.0 = Release|Any CPU
		{1D118B8B-EFAD-4923-AA26-AB998A02F8F0}.Release|x64.ActiveCfg = Release|Any CPU
		{1D118B8B-EFAD-4923-AA26-AB998A02F8F0}.Release|x64.Build.0 = Release|Any CPU
		{1D118B8B-EFAD-4923-AA26-AB998A02F8F0}.Release|x86.ActiveCfg = Release|Any CPU
		{1D118B8B-EFAD-4923-AA26-AB998A02F8F0}.Release|x86.Build.0 = Release|Any CPU
		{B1A47690-AED9-4F4E-8B31-8A4A1D5A3D45}.Debug|Any CPU.ActiveCfg = Debug|Any CPU
		{B1A47690-AED9-4F4E-8B31-8A4A1D5A3D45}.Debug|Any CPU.Build.0 = Debug|Any CPU
		{B1A47690-AED9-4F4E-8B31-8A4A1D5A3D45}.Debug|x64.ActiveCfg = Debug|Any CPU
		{B1A47690-AED9-4F4E-8B31-8A4A1D5A3D45}.Debug|x64.Build.0 = Debug|Any CPU
		{B1A47690-AED9-4F4E-8B31-8A4A1D5A3D45}.Debug|x86.ActiveCfg = Debug|Any CPU
		{B1A47690-AED9-4F4E-8B31-8A4A1D5A3D45}.Debug|x86.Build.0 = Debug|Any CPU
		{B1A47690-AED9-4F4E-8B31-8A4A1D5A3D45}.Release|Any CPU.ActiveCfg = Release|Any CPU
		{B1A47690-AED9-4F4E-8B31-8A4A1D5A3D45}.Release|Any CPU.Build.0 = Release|Any CPU
		{B1A47690-AED9-4F4E-8B31-8A4A1D5A3D45}.Release|x64.ActiveCfg = Release|Any CPU
		{B1A47690-AED9-4F4E-8B31-8A4A1D5A3D45}.Release|x64.Build.0 = Release|Any CPU
		{B1A47690-AED9-4F4E-8B31-8A4A1D5A3D45}.Release|x86.ActiveCfg = Release|Any CPU
		{B1A47690-AED9-4F4E-8B31-8A4A1D5A3D45}.Release|x86.Build.0 = Release|Any CPU
		{81A514DE-5C3A-4921-AB8A-158BC9255CF7}.Debug|Any CPU.ActiveCfg = Debug|Any CPU
		{81A514DE-5C3A-4921-AB8A-158BC9255CF7}.Debug|Any CPU.Build.0 = Debug|Any CPU
		{81A514DE-5C3A-4921-AB8A-158BC9255CF7}.Debug|x64.ActiveCfg = Debug|Any CPU
		{81A514DE-5C3A-4921-AB8A-158BC9255CF7}.Debug|x64.Build.0 = Debug|Any CPU
		{81A514DE-5C3A-4921-AB8A-158BC9255CF7}.Debug|x86.ActiveCfg = Debug|Any CPU
		{81A514DE-5C3A-4921-AB8A-158BC9255CF7}.Debug|x86.Build.0 = Debug|Any CPU
		{81A514DE-5C3A-4921-AB8A-158BC9255CF7}.Release|Any CPU.ActiveCfg = Release|Any CPU
		{81A514DE-5C3A-4921-AB8A-158BC9255CF7}.Release|Any CPU.Build.0 = Release|Any CPU
		{81A514DE-5C3A-4921-AB8A-158BC9255CF7}.Release|x64.ActiveCfg = Release|Any CPU
		{81A514DE-5C3A-4921-AB8A-158BC9255CF7}.Release|x64.Build.0 = Release|Any CPU
		{81A514DE-5C3A-4921-AB8A-158BC9255CF7}.Release|x86.ActiveCfg = Release|Any CPU
		{81A514DE-5C3A-4921-AB8A-158BC9255CF7}.Release|x86.Build.0 = Release|Any CPU
		{217B9DF6-2E82-480B-B31E-F23F1DAE52CA}.Debug|Any CPU.ActiveCfg = Debug|Any CPU
		{217B9DF6-2E82-480B-B31E-F23F1DAE52CA}.Debug|Any CPU.Build.0 = Debug|Any CPU
		{217B9DF6-2E82-480B-B31E-F23F1DAE52CA}.Debug|x64.ActiveCfg = Debug|Any CPU
		{217B9DF6-2E82-480B-B31E-F23F1DAE52CA}.Debug|x64.Build.0 = Debug|Any CPU
		{217B9DF6-2E82-480B-B31E-F23F1DAE52CA}.Debug|x86.ActiveCfg = Debug|Any CPU
		{217B9DF6-2E82-480B-B31E-F23F1DAE52CA}.Debug|x86.Build.0 = Debug|Any CPU
		{217B9DF6-2E82-480B-B31E-F23F1DAE52CA}.Release|Any CPU.ActiveCfg = Release|Any CPU
		{217B9DF6-2E82-480B-B31E-F23F1DAE52CA}.Release|Any CPU.Build.0 = Release|Any CPU
		{217B9DF6-2E82-480B-B31E-F23F1DAE52CA}.Release|x64.ActiveCfg = Release|Any CPU
		{217B9DF6-2E82-480B-B31E-F23F1DAE52CA}.Release|x64.Build.0 = Release|Any CPU
		{217B9DF6-2E82-480B-B31E-F23F1DAE52CA}.Release|x86.ActiveCfg = Release|Any CPU
		{217B9DF6-2E82-480B-B31E-F23F1DAE52CA}.Release|x86.Build.0 = Release|Any CPU
		{4CC6ECDA-194E-4457-93D1-39366254646A}.Debug|Any CPU.ActiveCfg = Debug|Any CPU
		{4CC6ECDA-194E-4457-93D1-39366254646A}.Debug|Any CPU.Build.0 = Debug|Any CPU
		{4CC6ECDA-194E-4457-93D1-39366254646A}.Debug|x64.ActiveCfg = Debug|Any CPU
		{4CC6ECDA-194E-4457-93D1-39366254646A}.Debug|x64.Build.0 = Debug|Any CPU
		{4CC6ECDA-194E-4457-93D1-39366254646A}.Debug|x86.ActiveCfg = Debug|Any CPU
		{4CC6ECDA-194E-4457-93D1-39366254646A}.Debug|x86.Build.0 = Debug|Any CPU
		{4CC6ECDA-194E-4457-93D1-39366254646A}.Release|Any CPU.ActiveCfg = Release|Any CPU
		{4CC6ECDA-194E-4457-93D1-39366254646A}.Release|Any CPU.Build.0 = Release|Any CPU
		{4CC6ECDA-194E-4457-93D1-39366254646A}.Release|x64.ActiveCfg = Release|Any CPU
		{4CC6ECDA-194E-4457-93D1-39366254646A}.Release|x64.Build.0 = Release|Any CPU
		{4CC6ECDA-194E-4457-93D1-39366254646A}.Release|x86.ActiveCfg = Release|Any CPU
		{4CC6ECDA-194E-4457-93D1-39366254646A}.Release|x86.Build.0 = Release|Any CPU
		{57366F67-6DC2-4218-81D0-753AA5D1E61B}.Debug|Any CPU.ActiveCfg = Debug|Any CPU
		{57366F67-6DC2-4218-81D0-753AA5D1E61B}.Debug|Any CPU.Build.0 = Debug|Any CPU
		{57366F67-6DC2-4218-81D0-753AA5D1E61B}.Debug|x64.ActiveCfg = Debug|Any CPU
		{57366F67-6DC2-4218-81D0-753AA5D1E61B}.Debug|x64.Build.0 = Debug|Any CPU
		{57366F67-6DC2-4218-81D0-753AA5D1E61B}.Debug|x86.ActiveCfg = Debug|Any CPU
		{57366F67-6DC2-4218-81D0-753AA5D1E61B}.Debug|x86.Build.0 = Debug|Any CPU
		{57366F67-6DC2-4218-81D0-753AA5D1E61B}.Release|Any CPU.ActiveCfg = Release|Any CPU
		{57366F67-6DC2-4218-81D0-753AA5D1E61B}.Release|Any CPU.Build.0 = Release|Any CPU
		{57366F67-6DC2-4218-81D0-753AA5D1E61B}.Release|x64.ActiveCfg = Release|Any CPU
		{57366F67-6DC2-4218-81D0-753AA5D1E61B}.Release|x64.Build.0 = Release|Any CPU
		{57366F67-6DC2-4218-81D0-753AA5D1E61B}.Release|x86.ActiveCfg = Release|Any CPU
		{57366F67-6DC2-4218-81D0-753AA5D1E61B}.Release|x86.Build.0 = Release|Any CPU
		{546E0BEB-25B3-478F-9BF8-FBF9504036B3}.Debug|Any CPU.ActiveCfg = Debug|Any CPU
		{546E0BEB-25B3-478F-9BF8-FBF9504036B3}.Debug|Any CPU.Build.0 = Debug|Any CPU
		{546E0BEB-25B3-478F-9BF8-FBF9504036B3}.Debug|x64.ActiveCfg = Debug|Any CPU
		{546E0BEB-25B3-478F-9BF8-FBF9504036B3}.Debug|x64.Build.0 = Debug|Any CPU
		{546E0BEB-25B3-478F-9BF8-FBF9504036B3}.Debug|x86.ActiveCfg = Debug|Any CPU
		{546E0BEB-25B3-478F-9BF8-FBF9504036B3}.Debug|x86.Build.0 = Debug|Any CPU
		{546E0BEB-25B3-478F-9BF8-FBF9504036B3}.Release|Any CPU.ActiveCfg = Release|Any CPU
		{546E0BEB-25B3-478F-9BF8-FBF9504036B3}.Release|Any CPU.Build.0 = Release|Any CPU
		{546E0BEB-25B3-478F-9BF8-FBF9504036B3}.Release|x64.ActiveCfg = Release|Any CPU
		{546E0BEB-25B3-478F-9BF8-FBF9504036B3}.Release|x64.Build.0 = Release|Any CPU
		{546E0BEB-25B3-478F-9BF8-FBF9504036B3}.Release|x86.ActiveCfg = Release|Any CPU
		{546E0BEB-25B3-478F-9BF8-FBF9504036B3}.Release|x86.Build.0 = Release|Any CPU
		{5825AACF-23CD-4CE0-980A-74CAF3556B1A}.Debug|Any CPU.ActiveCfg = Debug|Any CPU
		{5825AACF-23CD-4CE0-980A-74CAF3556B1A}.Debug|Any CPU.Build.0 = Debug|Any CPU
		{5825AACF-23CD-4CE0-980A-74CAF3556B1A}.Debug|x64.ActiveCfg = Debug|Any CPU
		{5825AACF-23CD-4CE0-980A-74CAF3556B1A}.Debug|x64.Build.0 = Debug|Any CPU
		{5825AACF-23CD-4CE0-980A-74CAF3556B1A}.Debug|x86.ActiveCfg = Debug|Any CPU
		{5825AACF-23CD-4CE0-980A-74CAF3556B1A}.Debug|x86.Build.0 = Debug|Any CPU
		{5825AACF-23CD-4CE0-980A-74CAF3556B1A}.Release|Any CPU.ActiveCfg = Release|Any CPU
		{5825AACF-23CD-4CE0-980A-74CAF3556B1A}.Release|Any CPU.Build.0 = Release|Any CPU
		{5825AACF-23CD-4CE0-980A-74CAF3556B1A}.Release|x64.ActiveCfg = Release|Any CPU
		{5825AACF-23CD-4CE0-980A-74CAF3556B1A}.Release|x64.Build.0 = Release|Any CPU
		{5825AACF-23CD-4CE0-980A-74CAF3556B1A}.Release|x86.ActiveCfg = Release|Any CPU
		{5825AACF-23CD-4CE0-980A-74CAF3556B1A}.Release|x86.Build.0 = Release|Any CPU
	EndGlobalSection
	GlobalSection(SolutionProperties) = preSolution
		HideSolutionNode = FALSE
	EndGlobalSection
EndGlobal
